
Microsoft Visual Studio Solution File, Format Version 11.00
# Visual Studio 2010
Project("{FAE04EC0-301F-11D3-BF4B-00C04F79EFBC}") = "GameJam17", "Assembly-CSharp.csproj", "{34AF3E55-881C-1470-BFB9-F1FEEFED1A78}"
EndProject
Global
	GlobalSection(SolutionConfigurationPlatforms) = preSolution
		Debug|Any CPU = Debug|Any CPU
		Release|Any CPU = Release|Any CPU
	EndGlobalSection
	GlobalSection(ProjectConfigurationPlatforms) = postSolution
		{34AF3E55-881C-1470-BFB9-F1FEEFED1A78}.Debug|Any CPU.ActiveCfg = Debug|Any CPU
		{34AF3E55-881C-1470-BFB9-F1FEEFED1A78}.Debug|Any CPU.Build.0 = Debug|Any CPU
		{34AF3E55-881C-1470-BFB9-F1FEEFED1A78}.Release|Any CPU.ActiveCfg = Release|Any CPU
		{34AF3E55-881C-1470-BFB9-F1FEEFED1A78}.Release|Any CPU.Build.0 = Release|Any CPU
	EndGlobalSection
	GlobalSection(SolutionProperties) = preSolution
		HideSolutionNode = FALSE
	EndGlobalSection
	GlobalSection(MonoDevelopProperties) = preSolution
		StartupItem = Assembly-CSharp.csproj
	EndGlobalSection
EndGlobal
